// !$*UTF8*$!
{
	archiveVersion = 1;
	classes = {
	};
	objectVersion = 46;
	objects = {

/* Begin PBXBuildFile section */
		0F60E8983B3B837318E426A9 /* Pods_MemoClient.framework in Frameworks */ = {isa = PBXBuildFile; fileRef = 34B0A48F545863F81DB83DEE /* Pods_MemoClient.framework */; };
		B0680DA61D7A976A0014F30A /* AppDelegate.swift in Sources */ = {isa = PBXBuildFile; fileRef = B0680DA51D7A976A0014F30A /* AppDelegate.swift */; };
		B0680DA81D7A976A0014F30A /* MemoListViewController.swift in Sources */ = {isa = PBXBuildFile; fileRef = B0680DA71D7A976A0014F30A /* MemoListViewController.swift */; };
		B0680DAB1D7A976A0014F30A /* Main.storyboard in Resources */ = {isa = PBXBuildFile; fileRef = B0680DA91D7A976A0014F30A /* Main.storyboard */; };
		B0680DAD1D7A976A0014F30A /* Assets.xcassets in Resources */ = {isa = PBXBuildFile; fileRef = B0680DAC1D7A976A0014F30A /* Assets.xcassets */; };
		B0680DB01D7A976A0014F30A /* LaunchScreen.storyboard in Resources */ = {isa = PBXBuildFile; fileRef = B0680DAE1D7A976A0014F30A /* LaunchScreen.storyboard */; };
		B0680DB91D7A9C1F0014F30A /* ApiClientManager.swift in Sources */ = {isa = PBXBuildFile; fileRef = B0680DB81D7A9C1F0014F30A /* ApiClientManager.swift */; };
		B0680DBB1D7A9C950014F30A /* Memo.swift in Sources */ = {isa = PBXBuildFile; fileRef = B0680DBA1D7A9C950014F30A /* Memo.swift */; };
		B0680DBF1D7A9F460014F30A /* MemoCell.swift in Sources */ = {isa = PBXBuildFile; fileRef = B0680DBE1D7A9F460014F30A /* MemoCell.swift */; };
		B0680DC11D7AA3E20014F30A /* EditorViewController.swift in Sources */ = {isa = PBXBuildFile; fileRef = B0680DC01D7AA3E20014F30A /* EditorViewController.swift */; };
/* End PBXBuildFile section */

/* Begin PBXFileReference section */
		090A58EA8215FDFA1680A7CD /* Pods-MemoClient.release.xcconfig */ = {isa = PBXFileReference; includeInIndex = 1; lastKnownFileType = text.xcconfig; name = "Pods-MemoClient.release.xcconfig"; path = "Pods/Target Support Files/Pods-MemoClient/Pods-MemoClient.release.xcconfig"; sourceTree = "<group>"; };
		34B0A48F545863F81DB83DEE /* Pods_MemoClient.framework */ = {isa = PBXFileReference; explicitFileType = wrapper.framework; includeInIndex = 0; path = Pods_MemoClient.framework; sourceTree = BUILT_PRODUCTS_DIR; };
		B0680DA21D7A97690014F30A /* MemoClient.app */ = {isa = PBXFileReference; explicitFileType = wrapper.application; includeInIndex = 0; path = MemoClient.app; sourceTree = BUILT_PRODUCTS_DIR; };
		B0680DA51D7A976A0014F30A /* AppDelegate.swift */ = {isa = PBXFileReference; lastKnownFileType = sourcecode.swift; path = AppDelegate.swift; sourceTree = "<group>"; };
		B0680DA71D7A976A0014F30A /* MemoListViewController.swift */ = {isa = PBXFileReference; lastKnownFileType = sourcecode.swift; path = MemoListViewController.swift; sourceTree = "<group>"; };
		B0680DAA1D7A976A0014F30A /* Base */ = {isa = PBXFileReference; lastKnownFileType = file.storyboard; name = Base; path = Base.lproj/Main.storyboard; sourceTree = "<group>"; };
		B0680DAC1D7A976A0014F30A /* Assets.xcassets */ = {isa = PBXFileReference; lastKnownFileType = folder.assetcatalog; path = Assets.xcassets; sourceTree = "<group>"; };
		B0680DAF1D7A976A0014F30A /* Base */ = {isa = PBXFileReference; lastKnownFileType = file.storyboard; name = Base; path = Base.lproj/LaunchScreen.storyboard; sourceTree = "<group>"; };
		B0680DB11D7A976A0014F30A /* Info.plist */ = {isa = PBXFileReference; lastKnownFileType = text.plist.xml; path = Info.plist; sourceTree = "<group>"; };
		B0680DB81D7A9C1F0014F30A /* ApiClientManager.swift */ = {isa = PBXFileReference; fileEncoding = 4; lastKnownFileType = sourcecode.swift; path = ApiClientManager.swift; sourceTree = "<group>"; };
		B0680DBA1D7A9C950014F30A /* Memo.swift */ = {isa = PBXFileReference; fileEncoding = 4; lastKnownFileType = sourcecode.swift; path = Memo.swift; sourceTree = "<group>"; };
		B0680DBE1D7A9F460014F30A /* MemoCell.swift */ = {isa = PBXFileReference; fileEncoding = 4; lastKnownFileType = sourcecode.swift; path = MemoCell.swift; sourceTree = "<group>"; };
		B0680DC01D7AA3E20014F30A /* EditorViewController.swift */ = {isa = PBXFileReference; fileEncoding = 4; lastKnownFileType = sourcecode.swift; path = EditorViewController.swift; sourceTree = "<group>"; };
		E6CD343F28570607E49F5469 /* Pods-MemoClient.debug.xcconfig */ = {isa = PBXFileReference; includeInIndex = 1; lastKnownFileType = text.xcconfig; name = "Pods-MemoClient.debug.xcconfig"; path = "Pods/Target Support Files/Pods-MemoClient/Pods-MemoClient.debug.xcconfig"; sourceTree = "<group>"; };
/* End PBXFileReference section */

/* Begin PBXFrameworksBuildPhase section */
		B0680D9F1D7A97690014F30A /* Frameworks */ = {
			isa = PBXFrameworksBuildPhase;
			buildActionMask = 2147483647;
			files = (
				0F60E8983B3B837318E426A9 /* Pods_MemoClient.framework in Frameworks */,
			);
			runOnlyForDeploymentPostprocessing = 0;
		};
/* End PBXFrameworksBuildPhase section */

/* Begin PBXGroup section */
		74E71C93CEDDF330CAA04A5E /* Frameworks */ = {
			isa = PBXGroup;
			children = (
				34B0A48F545863F81DB83DEE /* Pods_MemoClient.framework */,
			);
			name = Frameworks;
			sourceTree = "<group>";
		};
		A2228658C4498E200045B73D /* Pods */ = {
			isa = PBXGroup;
			children = (
				E6CD343F28570607E49F5469 /* Pods-MemoClient.debug.xcconfig */,
				090A58EA8215FDFA1680A7CD /* Pods-MemoClient.release.xcconfig */,
			);
			name = Pods;
			sourceTree = "<group>";
		};
		B0680D991D7A97690014F30A = {
			isa = PBXGroup;
			children = (
				B0680DA41D7A976A0014F30A /* MemoClient */,
				B0680DA31D7A97690014F30A /* Products */,
				A2228658C4498E200045B73D /* Pods */,
				74E71C93CEDDF330CAA04A5E /* Frameworks */,
			);
			sourceTree = "<group>";
		};
		B0680DA31D7A97690014F30A /* Products */ = {
			isa = PBXGroup;
			children = (
				B0680DA21D7A97690014F30A /* MemoClient.app */,
			);
			name = Products;
			sourceTree = "<group>";
		};
		B0680DA41D7A976A0014F30A /* MemoClient */ = {
			isa = PBXGroup;
			children = (
				B0680DBD1D7A9F3A0014F30A /* Cells */,
				B0680DBC1D7A9D050014F30A /* ViewControllers */,
				B0680DB71D7A9BBE0014F30A /* MemoApiClient */,
				B0680DA51D7A976A0014F30A /* AppDelegate.swift */,
				B0680DA91D7A976A0014F30A /* Main.storyboard */,
				B0680DAC1D7A976A0014F30A /* Assets.xcassets */,
				B0680DAE1D7A976A0014F30A /* LaunchScreen.storyboard */,
				B0680DB11D7A976A0014F30A /* Info.plist */,
			);
			path = MemoClient;
			sourceTree = "<group>";
		};
		B0680DB71D7A9BBE0014F30A /* MemoApiClient */ = {
			isa = PBXGroup;
			children = (
				B0680DB81D7A9C1F0014F30A /* ApiClientManager.swift */,
				B0680DBA1D7A9C950014F30A /* Memo.swift */,
			);
			name = MemoApiClient;
			sourceTree = "<group>";
		};
		B0680DBC1D7A9D050014F30A /* ViewControllers */ = {
			isa = PBXGroup;
			children = (
				B0680DA71D7A976A0014F30A /* MemoListViewController.swift */,
				B0680DC01D7AA3E20014F30A /* EditorViewController.swift */,
			);
			name = ViewControllers;
			sourceTree = "<group>";
		};
		B0680DBD1D7A9F3A0014F30A /* Cells */ = {
			isa = PBXGroup;
			children = (
				B0680DBE1D7A9F460014F30A /* MemoCell.swift */,
			);
			name = Cells;
			sourceTree = "<group>";
		};
/* End PBXGroup section */

/* Begin PBXNativeTarget section */
		B0680DA11D7A97690014F30A /* MemoClient */ = {
			isa = PBXNativeTarget;
			buildConfigurationList = B0680DB41D7A976A0014F30A /* Build configuration list for PBXNativeTarget "MemoClient" */;
			buildPhases = (
				FAE3C2F5A74C53C7A70C80F1 /* [CP] Check Pods Manifest.lock */,
				B0680D9E1D7A97690014F30A /* Sources */,
				B0680D9F1D7A97690014F30A /* Frameworks */,
				B0680DA01D7A97690014F30A /* Resources */,
				08A7A0EB8492D72E8BD0EC9C /* [CP] Embed Pods Frameworks */,
				73F4396E3485103436B74B71 /* [CP] Copy Pods Resources */,
			);
			buildRules = (
			);
			dependencies = (
			);
			name = MemoClient;
			productName = MemoClient;
			productReference = B0680DA21D7A97690014F30A /* MemoClient.app */;
			productType = "com.apple.product-type.application";
		};
/* End PBXNativeTarget section */

/* Begin PBXProject section */
		B0680D9A1D7A97690014F30A /* Project object */ = {
			isa = PBXProject;
			attributes = {
				LastSwiftUpdateCheck = 0730;
				LastUpgradeCheck = 0730;
				ORGANIZATIONNAME = NUmero;
				TargetAttributes = {
					B0680DA11D7A97690014F30A = {
						CreatedOnToolsVersion = 7.3.1;
						DevelopmentTeam = VYZHN4GR74;
					};
				};
			};
			buildConfigurationList = B0680D9D1D7A97690014F30A /* Build configuration list for PBXProject "MemoClient" */;
			compatibilityVersion = "Xcode 3.2";
			developmentRegion = English;
			hasScannedForEncodings = 0;
			knownRegions = (
				en,
				Base,
			);
			mainGroup = B0680D991D7A97690014F30A;
			productRefGroup = B0680DA31D7A97690014F30A /* Products */;
			projectDirPath = "";
			projectRoot = "";
			targets = (
				B0680DA11D7A97690014F30A /* MemoClient */,
			);
		};
/* End PBXProject section */

/* Begin PBXResourcesBuildPhase section */
		B0680DA01D7A97690014F30A /* Resources */ = {
			isa = PBXResourcesBuildPhase;
			buildActionMask = 2147483647;
			files = (
				B0680DB01D7A976A0014F30A /* LaunchScreen.storyboard in Resources */,
				B0680DAD1D7A976A0014F30A /* Assets.xcassets in Resources */,
				B0680DAB1D7A976A0014F30A /* Main.storyboard in Resources */,
			);
			runOnlyForDeploymentPostprocessing = 0;
		};
/* End PBXResourcesBuildPhase section */

/* Begin PBXShellScriptBuildPhase section */
		08A7A0EB8492D72E8BD0EC9C /* [CP] Embed Pods Frameworks */ = {
			isa = PBXShellScriptBuildPhase;
			buildActionMask = 2147483647;
			files = (
			);
			inputPaths = (
			);
			name = "[CP] Embed Pods Frameworks";
			outputPaths = (
			);
			runOnlyForDeploymentPostprocessing = 0;
			shellPath = /bin/sh;
			shellScript = "\"${SRCROOT}/Pods/Target Support Files/Pods-MemoClient/Pods-MemoClient-frameworks.sh\"\n";
			showEnvVarsInLog = 0;
		};
		73F4396E3485103436B74B71 /* [CP] Copy Pods Resources */ = {
			isa = PBXShellScriptBuildPhase;
			buildActionMask = 2147483647;
			files = (
			);
			inputPaths = (
			);
			name = "[CP] Copy Pods Resources";
			outputPaths = (
			);
			runOnlyForDeploymentPostprocessing = 0;
			shellPath = /bin/sh;
			shellScript = "\"${SRCROOT}/Pods/Target Support Files/Pods-MemoClient/Pods-MemoClient-resources.sh\"\n";
			showEnvVarsInLog = 0;
		};
		FAE3C2F5A74C53C7A70C80F1 /* [CP] Check Pods Manifest.lock */ = {
			isa = PBXShellScriptBuildPhase;
			buildActionMask = 2147483647;
			files = (
			);
			inputPaths = (
			);
			name = "[CP] Check Pods Manifest.lock";
			outputPaths = (
			);
			runOnlyForDeploymentPostprocessing = 0;
			shellPath = /bin/sh;
			shellScript = "diff \"${PODS_ROOT}/../Podfile.lock\" \"${PODS_ROOT}/Manifest.lock\" > /dev/null\nif [[ $? != 0 ]] ; then\n    cat << EOM\nerror: The sandbox is not in sync with the Podfile.lock. Run 'pod install' or update your CocoaPods installation.\nEOM\n    exit 1\nfi\n";
			showEnvVarsInLog = 0;
		};
/* End PBXShellScriptBuildPhase section */

/* Begin PBXSourcesBuildPhase section */
		B0680D9E1D7A97690014F30A /* Sources */ = {
			isa = PBXSourcesBuildPhase;
			buildActionMask = 2147483647;
			files = (
				B0680DA81D7A976A0014F30A /* MemoListViewController.swift in Sources */,
				B0680DC11D7AA3E20014F30A /* EditorViewController.swift in Sources */,
				B0680DBF1D7A9F460014F30A /* MemoCell.swift in Sources */,
				B0680DA61D7A976A0014F30A /* AppDelegate.swift in Sources */,
				B0680DB91D7A9C1F0014F30A /* ApiClientManager.swift in Sources */,
				B0680DBB1D7A9C950014F30A /* Memo.swift in Sources */,
			);
			runOnlyForDeploymentPostprocessing = 0;
		};
/* End PBXSourcesBuildPhase section */

/* Begin PBXVariantGroup section */
		B0680DA91D7A976A0014F30A /* Main.storyboard */ = {
			isa = PBXVariantGroup;
			children = (
				B0680DAA1D7A976A0014F30A /* Base */,
			);
			name = Main.storyboard;
			sourceTree = "<group>";
		};
		B0680DAE1D7A976A0014F30A /* LaunchScreen.storyboard */ = {
			isa = PBXVariantGroup;
			children = (
				B0680DAF1D7A976A0014F30A /* Base */,
			);
			name = LaunchScreen.storyboard;
			sourceTree = "<group>";
		};
/* End PBXVariantGroup section */

/* Begin XCBuildConfiguration section */
		B0680DB21D7A976A0014F30A /* Debug */ = {
			isa = XCBuildConfiguration;
			buildSettings = {
				ALWAYS_SEARCH_USER_PATHS = NO;
				CLANG_ANALYZER_NONNULL = YES;
				CLANG_CXX_LANGUAGE_STANDARD = "gnu++0x";
				CLANG_CXX_LIBRARY = "libc++";
				CLANG_ENABLE_MODULES = YES;
				CLANG_ENABLE_OBJC_ARC = YES;
				CLANG_WARN_BOOL_CONVERSION = YES;
				CLANG_WARN_CONSTANT_CONVERSION = YES;
				CLANG_WARN_DIRECT_OBJC_ISA_USAGE = YES_ERROR;
				CLANG_WARN_EMPTY_BODY = YES;
				CLANG_WARN_ENUM_CONVERSION = YES;
				CLANG_WARN_INT_CONVERSION = YES;
				CLANG_WARN_OBJC_ROOT_CLASS = YES_ERROR;
				CLANG_WARN_UNREACHABLE_CODE = YES;
				CLANG_WARN__DUPLICATE_METHOD_MATCH = YES;
				"CODE_SIGN_IDENTITY[sdk=iphoneos*]" = "iPhone Developer";
				COPY_PHASE_STRIP = NO;
				DEBUG_INFORMATION_FORMAT = dwarf;
				ENABLE_STRICT_OBJC_MSGSEND = YES;
				ENABLE_TESTABILITY = YES;
				GCC_C_LANGUAGE_STANDARD = gnu99;
				GCC_DYNAMIC_NO_PIC = NO;
				GCC_NO_COMMON_BLOCKS = YES;
				GCC_OPTIMIZATION_LEVEL = 0;
				GCC_PREPROCESSOR_DEFINITIONS = (
					"DEBUG=1",
					"$(inherited)",
				);
				GCC_WARN_64_TO_32_BIT_CONVERSION = YES;
				GCC_WARN_ABOUT_RETURN_TYPE = YES_ERROR;
				GCC_WARN_UNDECLARED_SELECTOR = YES;
				GCC_WARN_UNINITIALIZED_AUTOS = YES_AGGRESSIVE;
				GCC_WARN_UNUSED_FUNCTION = YES;
				GCC_WARN_UNUSED_VARIABLE = YES;
				IPHONEOS_DEPLOYMENT_TARGET = 9.3;
				MTL_ENABLE_DEBUG_INFO = YES;
				ONLY_ACTIVE_ARCH = YES;
				SDKROOT = iphoneos;
				SWIFT_OPTIMIZATION_LEVEL = "-Onone";
				TARGETED_DEVICE_FAMILY = "1,2";
			};
			name = Debug;
		};
		B0680DB31D7A976A0014F30A /* Release */ = {
			isa = XCBuildConfiguration;
			buildSettings = {
				ALWAYS_SEARCH_USER_PATHS = NO;
				CLANG_ANALYZER_NONNULL = YES;
				CLANG_CXX_LANGUAGE_STANDARD = "gnu++0x";
				CLANG_CXX_LIBRARY = "libc++";
				CLANG_ENABLE_MODULES = YES;
				CLANG_ENABLE_OBJC_ARC = YES;
				CLANG_WARN_BOOL_CONVERSION = YES;
				CLANG_WARN_CONSTANT_CONVERSION = YES;
				CLANG_WARN_DIRECT_OBJC_ISA_USAGE = YES_ERROR;
				CLANG_WARN_EMPTY_BODY = YES;
				CLANG_WARN_ENUM_CONVERSION = YES;
				CLANG_WARN_INT_CONVERSION = YES;
				CLANG_WARN_OBJC_ROOT_CLASS = YES_ERROR;
				CLANG_WARN_UNREACHABLE_CODE = YES;
				CLANG_WARN__DUPLICATE_METHOD_MATCH = YES;
				"CODE_SIGN_IDENTITY[sdk=iphoneos*]" = "iPhone Developer";
				COPY_PHASE_STRIP = NO;
				DEBUG_INFORMATION_FORMAT = "dwarf-with-dsym";
				ENABLE_NS_ASSERTIONS = NO;
				ENABLE_STRICT_OBJC_MSGSEND = YES;
				GCC_C_LANGUAGE_STANDARD = gnu99;
				GCC_NO_COMMON_BLOCKS = YES;
				GCC_WARN_64_TO_32_BIT_CONVERSION = YES;
				GCC_WARN_ABOUT_RETURN_TYPE = YES_ERROR;
				GCC_WARN_UNDECLARED_SELECTOR = YES;
				GCC_WARN_UNINITIALIZED_AUTOS = YES_AGGRESSIVE;
				GCC_WARN_UNUSED_FUNCTION = YES;
				GCC_WARN_UNUSED_VARIABLE = YES;
				IPHONEOS_DEPLOYMENT_TARGET = 9.3;
				MTL_ENABLE_DEBUG_INFO = NO;
				SDKROOT = iphoneos;
				TARGETED_DEVICE_FAMILY = "1,2";
				VALIDATE_PRODUCT = YES;
			};
			name = Release;
		};
		B0680DB51D7A976A0014F30A /* Debug */ = {
			isa = XCBuildConfiguration;
			baseConfigurationReference = E6CD343F28570607E49F5469 /* Pods-MemoClient.debug.xcconfig */;
			buildSettings = {
				ASSETCATALOG_COMPILER_APPICON_NAME = AppIcon;
				CODE_SIGN_IDENTITY = "iPhone Developer";
				"CODE_SIGN_IDENTITY[sdk=iphoneos*]" = "iPhone Developer";
				INFOPLIST_FILE = MemoClient/Info.plist;
				IPHONEOS_DEPLOYMENT_TARGET = 9.0;
				LD_RUNPATH_SEARCH_PATHS = "$(inherited) @executable_path/Frameworks";
				PRODUCT_BUNDLE_IDENTIFIER = com.numero.MemoClient;
				PRODUCT_NAME = "$(TARGET_NAME)";
				PROVISIONING_PROFILE = "";
			};
			name = Debug;
		};
		B0680DB61D7A976A0014F30A /* Release */ = {
			isa = XCBuildConfiguration;
			baseConfigurationReference = 090A58EA8215FDFA1680A7CD /* Pods-MemoClient.release.xcconfig */;
			buildSettings = {
				ASSETCATALOG_COMPILER_APPICON_NAME = AppIcon;
				CODE_SIGN_IDENTITY = "iPhone Developer";
				"CODE_SIGN_IDENTITY[sdk=iphoneos*]" = "iPhone Developer";
				INFOPLIST_FILE = MemoClient/Info.plist;
				IPHONEOS_DEPLOYMENT_TARGET = 9.0;
				LD_RUNPATH_SEARCH_PATHS = "$(inherited) @executable_path/Frameworks";
				PRODUCT_BUNDLE_IDENTIFIER = com.numero.MemoClient;
				PRODUCT_NAME = "$(TARGET_NAME)";
				PROVISIONING_PROFILE = "";
			};
			name = Release;
		};
/* End XCBuildConfiguration section */

/* Begin XCConfigurationList section */
		B0680D9D1D7A97690014F30A /* Build configuration list for PBXProject "MemoClient" */ = {
			isa = XCConfigurationList;
			buildConfigurations = (
				B0680DB21D7A976A0014F30A /* Debug */,
				B0680DB31D7A976A0014F30A /* Release */,
			);
			defaultConfigurationIsVisible = 0;
			defaultConfigurationName = Release;
		};
		B0680DB41D7A976A0014F30A /* Build configuration list for PBXNativeTarget "MemoClient" */ = {
			isa = XCConfigurationList;
			buildConfigurations = (
				B0680DB51D7A976A0014F30A /* Debug */,
				B0680DB61D7A976A0014F30A /* Release */,
			);
			defaultConfigurationIsVisible = 0;
			defaultConfigurationName = Release;
		};
/* End XCConfigurationList section */
	};
	rootObject = B0680D9A1D7A97690014F30A /* Project object */;
}
